
Microsoft Visual Studio Solution File, Format Version 12.00
# Visual Studio Version 17
VisualStudioVersion = 17.3.32825.248
MinimumVisualStudioVersion = 10.0.40219.1
Project("{FAE04EC0-301F-11D3-BF4B-00C04F79EFBC}") = "MyFirstMVCApp", "MyFirstMVCApp.csproj", "{7A86FB52-D853-49BD-932F-1BF01652A0EE}"
EndProject
Global
	GlobalSection(SolutionConfigurationPlatforms) = preSolution
		Debug|Any CPU = Debug|Any CPU
		Release|Any CPU = Release|Any CPU
	EndGlobalSection
	GlobalSection(ProjectConfigurationPlatforms) = postSolution
		{7A86FB52-D853-49BD-932F-1BF01652A0EE}.Debug|Any CPU.ActiveCfg = Debug|Any CPU
		{7A86FB52-D853-49BD-932F-1BF01652A0EE}.Debug|Any CPU.Build.0 = Debug|Any CPU
		{7A86FB52-D853-49BD-932F-1BF01652A0EE}.Release|Any CPU.ActiveCfg = Release|Any CPU
		{7A86FB52-D853-49BD-932F-1BF01652A0EE}.Release|Any CPU.Build.0 = Release|Any CPU
	EndGlobalSection
	GlobalSection(SolutionProperties) = preSolution
		HideSolutionNode = FALSE
	EndGlobalSection
	GlobalSection(ExtensibilityGlobals) = postSolution
		SolutionGuid = {FBF94584-AC01-4BA7-B5E5-71B6D8F8EAC5}
	EndGlobalSection
EndGlobal
