
Microsoft Visual Studio Solution File, Format Version 12.00
# Visual Studio Version 17
VisualStudioVersion = 17.3.32825.248
MinimumVisualStudioVersion = 10.0.40219.1
Project("{FAE04EC0-301F-11D3-BF4B-00C04F79EFBC}") = "HandsOnMVCUsingControllersAndViews", "HandsOnMVCUsingControllersAndViews.csproj", "{646A9427-C0C4-4100-8AC5-55F7736FC18C}"
EndProject
Global
	GlobalSection(SolutionConfigurationPlatforms) = preSolution
		Debug|Any CPU = Debug|Any CPU
		Release|Any CPU = Release|Any CPU
	EndGlobalSection
	GlobalSection(ProjectConfigurationPlatforms) = postSolution
		{646A9427-C0C4-4100-8AC5-55F7736FC18C}.Debug|Any CPU.ActiveCfg = Debug|Any CPU
		{646A9427-C0C4-4100-8AC5-55F7736FC18C}.Debug|Any CPU.Build.0 = Debug|Any CPU
		{646A9427-C0C4-4100-8AC5-55F7736FC18C}.Release|Any CPU.ActiveCfg = Release|Any CPU
		{646A9427-C0C4-4100-8AC5-55F7736FC18C}.Release|Any CPU.Build.0 = Release|Any CPU
	EndGlobalSection
	GlobalSection(SolutionProperties) = preSolution
		HideSolutionNode = FALSE
	EndGlobalSection
	GlobalSection(ExtensibilityGlobals) = postSolution
		SolutionGuid = {5A229714-BEBB-4C99-93D1-E1339CE23DA1}
	EndGlobalSection
EndGlobal
