
Microsoft Visual Studio Solution File, Format Version 12.00
# Visual Studio Version 17
VisualStudioVersion = 17.3.32825.248
MinimumVisualStudioVersion = 10.0.40219.1
Project("{9A19103F-16F7-4668-BE54-9A1E7A4F7556}") = "EComm.UserService", "EComm.UserService\EComm.UserService.csproj", "{572D3BF5-BABE-4E3E-85A3-0AEC2D55A38C}"
EndProject
Project("{9A19103F-16F7-4668-BE54-9A1E7A4F7556}") = "EComm.ProductService", "EComm.ProductService\EComm.ProductService.csproj", "{FF66F4CC-D577-4387-A969-0B12234CA114}"
EndProject
Project("{9A19103F-16F7-4668-BE54-9A1E7A4F7556}") = "EComm.Gateway", "EComm.Gateway\EComm.Gateway.csproj", "{3BBF665E-1705-4800-8FAD-8FB8FE446D40}"
EndProject
Global
	GlobalSection(SolutionConfigurationPlatforms) = preSolution
		Debug|Any CPU = Debug|Any CPU
		Release|Any CPU = Release|Any CPU
	EndGlobalSection
	GlobalSection(ProjectConfigurationPlatforms) = postSolution
		{572D3BF5-BABE-4E3E-85A3-0AEC2D55A38C}.Debug|Any CPU.ActiveCfg = Debug|Any CPU
		{572D3BF5-BABE-4E3E-85A3-0AEC2D55A38C}.Debug|Any CPU.Build.0 = Debug|Any CPU
		{572D3BF5-BABE-4E3E-85A3-0AEC2D55A38C}.Release|Any CPU.ActiveCfg = Release|Any CPU
		{572D3BF5-BABE-4E3E-85A3-0AEC2D55A38C}.Release|Any CPU.Build.0 = Release|Any CPU
		{FF66F4CC-D577-4387-A969-0B12234CA114}.Debug|Any CPU.ActiveCfg = Debug|Any CPU
		{FF66F4CC-D577-4387-A969-0B12234CA114}.Debug|Any CPU.Build.0 = Debug|Any CPU
		{FF66F4CC-D577-4387-A969-0B12234CA114}.Release|Any CPU.ActiveCfg = Release|Any CPU
		{FF66F4CC-D577-4387-A969-0B12234CA114}.Release|Any CPU.Build.0 = Release|Any CPU
		{3BBF665E-1705-4800-8FAD-8FB8FE446D40}.Debug|Any CPU.ActiveCfg = Debug|Any CPU
		{3BBF665E-1705-4800-8FAD-8FB8FE446D40}.Debug|Any CPU.Build.0 = Debug|Any CPU
		{3BBF665E-1705-4800-8FAD-8FB8FE446D40}.Release|Any CPU.ActiveCfg = Release|Any CPU
		{3BBF665E-1705-4800-8FAD-8FB8FE446D40}.Release|Any CPU.Build.0 = Release|Any CPU
	EndGlobalSection
	GlobalSection(SolutionProperties) = preSolution
		HideSolutionNode = FALSE
	EndGlobalSection
	GlobalSection(ExtensibilityGlobals) = postSolution
		SolutionGuid = {C62684F0-178D-4144-B21A-60A2DBD6CFC6}
	EndGlobalSection
EndGlobal
