
Microsoft Visual Studio Solution File, Format Version 12.00
# Visual Studio Version 16
VisualStudioVersion = 16.0.30225.117
MinimumVisualStudioVersion = 10.0.40219.1
Project("{FAE04EC0-301F-11D3-BF4B-00C04F79EFBC}") = "HandsOnAPIWithEF", "HandsOnAPIWithEF\HandsOnAPIWithEF.csproj", "{E92D2594-67C6-4527-B20E-32757DA908D8}"
EndProject
Global
	GlobalSection(SolutionConfigurationPlatforms) = preSolution
		Debug|Any CPU = Debug|Any CPU
		Release|Any CPU = Release|Any CPU
	EndGlobalSection
	GlobalSection(ProjectConfigurationPlatforms) = postSolution
		{E92D2594-67C6-4527-B20E-32757DA908D8}.Debug|Any CPU.ActiveCfg = Debug|Any CPU
		{E92D2594-67C6-4527-B20E-32757DA908D8}.Debug|Any CPU.Build.0 = Debug|Any CPU
		{E92D2594-67C6-4527-B20E-32757DA908D8}.Release|Any CPU.ActiveCfg = Release|Any CPU
		{E92D2594-67C6-4527-B20E-32757DA908D8}.Release|Any CPU.Build.0 = Release|Any CPU
	EndGlobalSection
	GlobalSection(SolutionProperties) = preSolution
		HideSolutionNode = FALSE
	EndGlobalSection
	GlobalSection(ExtensibilityGlobals) = postSolution
		SolutionGuid = {941DC26A-1FAA-421D-8468-67EA9E183EE3}
	EndGlobalSection
EndGlobal
