
Microsoft Visual Studio Solution File, Format Version 12.00
# Visual Studio Version 17
VisualStudioVersion = 17.3.32901.215
MinimumVisualStudioVersion = 10.0.40219.1
Project("{FAE04EC0-301F-11D3-BF4B-00C04F79EFBC}") = "HandsOnLinq", "HandsOnLinq.csproj", "{486FD086-2E55-4048-BA59-DC4DBE26D613}"
EndProject
Global
	GlobalSection(SolutionConfigurationPlatforms) = preSolution
		Debug|Any CPU = Debug|Any CPU
		Release|Any CPU = Release|Any CPU
	EndGlobalSection
	GlobalSection(ProjectConfigurationPlatforms) = postSolution
		{486FD086-2E55-4048-BA59-DC4DBE26D613}.Debug|Any CPU.ActiveCfg = Debug|Any CPU
		{486FD086-2E55-4048-BA59-DC4DBE26D613}.Debug|Any CPU.Build.0 = Debug|Any CPU
		{486FD086-2E55-4048-BA59-DC4DBE26D613}.Release|Any CPU.ActiveCfg = Release|Any CPU
		{486FD086-2E55-4048-BA59-DC4DBE26D613}.Release|Any CPU.Build.0 = Release|Any CPU
	EndGlobalSection
	GlobalSection(SolutionProperties) = preSolution
		HideSolutionNode = FALSE
	EndGlobalSection
	GlobalSection(ExtensibilityGlobals) = postSolution
		SolutionGuid = {4864D3A4-C60D-4E60-B52B-374897D108E6}
	EndGlobalSection
EndGlobal
