
Microsoft Visual Studio Solution File, Format Version 12.00
# Visual Studio Version 16
VisualStudioVersion = 16.0.31624.102
MinimumVisualStudioVersion = 10.0.40219.1
Project("{9A19103F-16F7-4668-BE54-9A1E7A4F7556}") = "EShoppy.Gateway", "EShoppy.Gateway\EShoppy.Gateway.csproj", "{23C006D4-8A8E-44DE-A5A3-1C7FAA3F4584}"
EndProject
Project("{9A19103F-16F7-4668-BE54-9A1E7A4F7556}") = "EShoppy.AccountAPI", "EShoppy.AccountAPI\EShoppy.AccountAPI.csproj", "{12317057-5257-4D59-9733-8689334B35D7}"
EndProject
Project("{9A19103F-16F7-4668-BE54-9A1E7A4F7556}") = "EShoppy.AdminAPI", "EShoppy.AdminAPI\EShoppy.AdminAPI.csproj", "{E52A6260-DC77-4FF1-B404-225095003CC8}"
EndProject
Project("{9A19103F-16F7-4668-BE54-9A1E7A4F7556}") = "EShoppy.UserAPI", "EShoppy.UserAPI\EShoppy.UserAPI.csproj", "{558EEB2D-3D26-405B-855B-1DAC3AD80EE5}"
EndProject
Project("{FAE04EC0-301F-11D3-BF4B-00C04F79EFBC}") = "EShoppy.PaymentAPI", "EShoppy.PaymentAPI\EShoppy.PaymentAPI.csproj", "{71355817-9163-4CA7-8AAD-AE2334760512}"
EndProject
Global
	GlobalSection(SolutionConfigurationPlatforms) = preSolution
		Debug|Any CPU = Debug|Any CPU
		Release|Any CPU = Release|Any CPU
	EndGlobalSection
	GlobalSection(ProjectConfigurationPlatforms) = postSolution
		{23C006D4-8A8E-44DE-A5A3-1C7FAA3F4584}.Debug|Any CPU.ActiveCfg = Debug|Any CPU
		{23C006D4-8A8E-44DE-A5A3-1C7FAA3F4584}.Debug|Any CPU.Build.0 = Debug|Any CPU
		{23C006D4-8A8E-44DE-A5A3-1C7FAA3F4584}.Release|Any CPU.ActiveCfg = Release|Any CPU
		{23C006D4-8A8E-44DE-A5A3-1C7FAA3F4584}.Release|Any CPU.Build.0 = Release|Any CPU
		{12317057-5257-4D59-9733-8689334B35D7}.Debug|Any CPU.ActiveCfg = Debug|Any CPU
		{12317057-5257-4D59-9733-8689334B35D7}.Debug|Any CPU.Build.0 = Debug|Any CPU
		{12317057-5257-4D59-9733-8689334B35D7}.Release|Any CPU.ActiveCfg = Release|Any CPU
		{12317057-5257-4D59-9733-8689334B35D7}.Release|Any CPU.Build.0 = Release|Any CPU
		{E52A6260-DC77-4FF1-B404-225095003CC8}.Debug|Any CPU.ActiveCfg = Debug|Any CPU
		{E52A6260-DC77-4FF1-B404-225095003CC8}.Debug|Any CPU.Build.0 = Debug|Any CPU
		{E52A6260-DC77-4FF1-B404-225095003CC8}.Release|Any CPU.ActiveCfg = Release|Any CPU
		{E52A6260-DC77-4FF1-B404-225095003CC8}.Release|Any CPU.Build.0 = Release|Any CPU
		{558EEB2D-3D26-405B-855B-1DAC3AD80EE5}.Debug|Any CPU.ActiveCfg = Debug|Any CPU
		{558EEB2D-3D26-405B-855B-1DAC3AD80EE5}.Debug|Any CPU.Build.0 = Debug|Any CPU
		{558EEB2D-3D26-405B-855B-1DAC3AD80EE5}.Release|Any CPU.ActiveCfg = Release|Any CPU
		{558EEB2D-3D26-405B-855B-1DAC3AD80EE5}.Release|Any CPU.Build.0 = Release|Any CPU
		{71355817-9163-4CA7-8AAD-AE2334760512}.Debug|Any CPU.ActiveCfg = Debug|Any CPU
		{71355817-9163-4CA7-8AAD-AE2334760512}.Debug|Any CPU.Build.0 = Debug|Any CPU
		{71355817-9163-4CA7-8AAD-AE2334760512}.Release|Any CPU.ActiveCfg = Release|Any CPU
		{71355817-9163-4CA7-8AAD-AE2334760512}.Release|Any CPU.Build.0 = Release|Any CPU
	EndGlobalSection
	GlobalSection(SolutionProperties) = preSolution
		HideSolutionNode = FALSE
	EndGlobalSection
	GlobalSection(ExtensibilityGlobals) = postSolution
		SolutionGuid = {4D4B750D-DAFB-416D-981B-49BEA31F23F2}
	EndGlobalSection
EndGlobal
