
Microsoft Visual Studio Solution File, Format Version 12.00
# Visual Studio Version 17
VisualStudioVersion = 17.3.32825.248
MinimumVisualStudioVersion = 10.0.40219.1
Project("{9A19103F-16F7-4668-BE54-9A1E7A4F7556}") = "HandsOnAPIWithEF", "HandsOnAPIWithEF.csproj", "{B56A92E7-28D0-47A1-A763-2D224CFBA3A6}"
EndProject
Project("{FAE04EC0-301F-11D3-BF4B-00C04F79EFBC}") = "HandsMVCWithAPI", "..\HandsMVCWithAPI\HandsMVCWithAPI.csproj", "{7E634A92-85BB-4B49-84D7-73A0E3C7AB3B}"
EndProject
Global
	GlobalSection(SolutionConfigurationPlatforms) = preSolution
		Debug|Any CPU = Debug|Any CPU
		Release|Any CPU = Release|Any CPU
	EndGlobalSection
	GlobalSection(ProjectConfigurationPlatforms) = postSolution
		{B56A92E7-28D0-47A1-A763-2D224CFBA3A6}.Debug|Any CPU.ActiveCfg = Debug|Any CPU
		{B56A92E7-28D0-47A1-A763-2D224CFBA3A6}.Debug|Any CPU.Build.0 = Debug|Any CPU
		{B56A92E7-28D0-47A1-A763-2D224CFBA3A6}.Release|Any CPU.ActiveCfg = Release|Any CPU
		{B56A92E7-28D0-47A1-A763-2D224CFBA3A6}.Release|Any CPU.Build.0 = Release|Any CPU
		{7E634A92-85BB-4B49-84D7-73A0E3C7AB3B}.Debug|Any CPU.ActiveCfg = Debug|Any CPU
		{7E634A92-85BB-4B49-84D7-73A0E3C7AB3B}.Debug|Any CPU.Build.0 = Debug|Any CPU
		{7E634A92-85BB-4B49-84D7-73A0E3C7AB3B}.Release|Any CPU.ActiveCfg = Release|Any CPU
		{7E634A92-85BB-4B49-84D7-73A0E3C7AB3B}.Release|Any CPU.Build.0 = Release|Any CPU
	EndGlobalSection
	GlobalSection(SolutionProperties) = preSolution
		HideSolutionNode = FALSE
	EndGlobalSection
	GlobalSection(ExtensibilityGlobals) = postSolution
		SolutionGuid = {07F0917E-34E8-4909-A4AE-D6D6C848F4C7}
	EndGlobalSection
EndGlobal
