
Microsoft Visual Studio Solution File, Format Version 12.00
# Visual Studio Version 17
VisualStudioVersion = 17.3.32825.248
MinimumVisualStudioVersion = 10.0.40219.1
Project("{FAE04EC0-301F-11D3-BF4B-00C04F79EFBC}") = "HandsOnMVCUsingEFCodeFirst-Demo2", "HandsOnMVCUsingEFCodeFirst-Demo2.csproj", "{EFB2C3F6-06D8-4ADC-9881-5C069EF72089}"
EndProject
Global
	GlobalSection(SolutionConfigurationPlatforms) = preSolution
		Debug|Any CPU = Debug|Any CPU
		Release|Any CPU = Release|Any CPU
	EndGlobalSection
	GlobalSection(ProjectConfigurationPlatforms) = postSolution
		{EFB2C3F6-06D8-4ADC-9881-5C069EF72089}.Debug|Any CPU.ActiveCfg = Debug|Any CPU
		{EFB2C3F6-06D8-4ADC-9881-5C069EF72089}.Debug|Any CPU.Build.0 = Debug|Any CPU
		{EFB2C3F6-06D8-4ADC-9881-5C069EF72089}.Release|Any CPU.ActiveCfg = Release|Any CPU
		{EFB2C3F6-06D8-4ADC-9881-5C069EF72089}.Release|Any CPU.Build.0 = Release|Any CPU
	EndGlobalSection
	GlobalSection(SolutionProperties) = preSolution
		HideSolutionNode = FALSE
	EndGlobalSection
	GlobalSection(ExtensibilityGlobals) = postSolution
		SolutionGuid = {B96A3B92-7439-4EBC-844F-A0E7A8FC762B}
	EndGlobalSection
EndGlobal
